<?xml version="1.0" encoding="utf-8"?>
<Project ToolsVersion="4.0" xmlns="http://schemas.microsoft.com/developer/msbuild/2003">
  <ItemGroup>
    <Filter Include="ソース ファイル">
      <UniqueIdentifier>{4FC737F1-C7A5-4376-A066-2A32D752A2FF}</UniqueIdentifier>
      <Extensions>cpp;c;cc;cxx;def;odl;idl;hpj;bat;asm;asmx</Extensions>
    </Filter>
    <Filter Include="ヘッダー ファイル">
      <UniqueIdentifier>{93995380-89BD-4b04-88EB-625FBE52EBFB}</UniqueIdentifier>
      <Extensions>h;hh;hpp;hxx;hm;inl;inc;ipp;xsd</Extensions>
    </Filter>
    <Filter Include="リソース ファイル">
      <UniqueIdentifier>{67DA6AB6-F800-4c08-8B7A-83BB121AAD01}</UniqueIdentifier>
      <Extensions>rc;ico;cur;bmp;dlg;rc2;rct;bin;rgs;gif;jpg;jpeg;jpe;resx;tiff;tif;png;wav;mfcribbon-ms</Extensions>
    </Filter>
    <Filter Include="ソース ファイル\ゲームクリア">
      <UniqueIdentifier>{eb0c3b52-9009-4f20-9e4c-8b39d0f8f4c5}</UniqueIdentifier>
    </Filter>
    <Filter Include="ソース ファイル\ゲームオーバー">
      <UniqueIdentifier>{dec845c6-05ee-4626-b0ff-bbd886da4a54}</UniqueIdentifier>
    </Filter>
    <Filter Include="ソース ファイル\タイトル">
      <UniqueIdentifier>{eca73cf2-8ed5-4dbb-9663-2d08ff30aa5b}</UniqueIdentifier>
    </Filter>
    <Filter Include="ソース ファイル\あらすじ">
      <UniqueIdentifier>{d16fb508-3147-4839-a61a-571af630dc35}</UniqueIdentifier>
    </Filter>
    <Filter Include="ソース ファイル\エンディング">
      <UniqueIdentifier>{42544898-61e6-4231-8e02-54d4a012f70b}</UniqueIdentifier>
    </Filter>
    <Filter Include="ソース ファイル\ステージメイン">
      <UniqueIdentifier>{4b9c5a91-40dc-44e7-a48f-177687e4edc9}</UniqueIdentifier>
    </Filter>
    <Filter Include="ソース ファイル\ステージメイン\主人公関係">
      <UniqueIdentifier>{48f9cf2b-4d0c-4263-a299-305236a142a3}</UniqueIdentifier>
    </Filter>
    <Filter Include="ソース ファイル\ステージメイン\メニュー">
      <UniqueIdentifier>{1914e407-20e9-42ce-a398-c638ebd21aa1}</UniqueIdentifier>
    </Filter>
    <Filter Include="ソース ファイル\操作説明">
      <UniqueIdentifier>{9ea7e497-2c78-4b21-9ee6-ab1c16e04a69}</UniqueIdentifier>
    </Filter>
    <Filter Include="ソース ファイル\血しぶき・爆発">
      <UniqueIdentifier>{36c98480-9ff8-4111-a86a-180ec1a881c9}</UniqueIdentifier>
    </Filter>
    <Filter Include="ソース ファイル\ステージメイン\武器">
      <UniqueIdentifier>{8f4b48fe-34b9-44e1-8c90-8bee9c01a689}</UniqueIdentifier>
    </Filter>
    <Filter Include="ソース ファイル\ステージメイン\ステージ">
      <UniqueIdentifier>{8bb0248a-1e35-4dc3-812f-c6485172110b}</UniqueIdentifier>
    </Filter>
    <Filter Include="ソース ファイル\ステージメイン\エネミー">
      <UniqueIdentifier>{b67fc8b4-743d-4af6-ba7d-0419c2ab59c9}</UniqueIdentifier>
    </Filter>
  </ItemGroup>
  <ItemGroup>
    <ClInclude Include="GameHead.h">
      <Filter>ヘッダー ファイル</Filter>
    </ClInclude>
    <ClInclude Include="main.h">
      <Filter>ヘッダー ファイル</Filter>
    </ClInclude>
    <ClInclude Include="GameL\Audio.h">
      <Filter>リソース ファイル</Filter>
    </ClInclude>
    <ClInclude Include="GameL\DirectXDevice.h">
      <Filter>リソース ファイル</Filter>
    </ClInclude>
    <ClInclude Include="GameL\DirectXTex.h">
      <Filter>リソース ファイル</Filter>
    </ClInclude>
    <ClInclude Include="GameL\DrawFont.h">
      <Filter>リソース ファイル</Filter>
    </ClInclude>
    <ClInclude Include="GameL\DrawTexture.h">
      <Filter>リソース ファイル</Filter>
    </ClInclude>
    <ClInclude Include="GameL\HitBoxManager.h">
      <Filter>リソース ファイル</Filter>
    </ClInclude>
    <ClInclude Include="GameL\MultiThread.h">
      <Filter>リソース ファイル</Filter>
    </ClInclude>
    <ClInclude Include="GameL\SceneManager.h">
      <Filter>リソース ファイル</Filter>
    </ClInclude>
    <ClInclude Include="GameL\SceneObjManager.h">
      <Filter>リソース ファイル</Filter>
    </ClInclude>
    <ClInclude Include="GameL\SetWindow.h">
      <Filter>リソース ファイル</Filter>
    </ClInclude>
    <ClInclude Include="GameL\UserData.h">
      <Filter>リソース ファイル</Filter>
    </ClInclude>
    <ClInclude Include="GameL\WICTextureLoader.h">
      <Filter>リソース ファイル</Filter>
    </ClInclude>
    <ClInclude Include="GameL\WinInputs.h">
      <Filter>リソース ファイル</Filter>
    </ClInclude>
    <ClInclude Include="ObjClear.h">
      <Filter>ソース ファイル\ゲームクリア</Filter>
    </ClInclude>
    <ClInclude Include="ObjTitle.h">
      <Filter>ソース ファイル\タイトル</Filter>
    </ClInclude>
    <ClInclude Include="SceneTitle.h">
      <Filter>ソース ファイル\タイトル</Filter>
    </ClInclude>
    <ClInclude Include="SceneClear.h">
      <Filter>ソース ファイル\ゲームクリア</Filter>
    </ClInclude>
    <ClInclude Include="SceneOver.h">
      <Filter>ソース ファイル\ゲームオーバー</Filter>
    </ClInclude>
    <ClInclude Include="ObjOver.h">
      <Filter>ソース ファイル\ゲームオーバー</Filter>
    </ClInclude>
    <ClInclude Include="BaseStatus.h">
      <Filter>ヘッダー ファイル</Filter>
    </ClInclude>
    <ClInclude Include="SceneOP.h">
      <Filter>ソース ファイル\あらすじ</Filter>
    </ClInclude>
    <ClInclude Include="ObjOP.h">
      <Filter>ソース ファイル\あらすじ</Filter>
    </ClInclude>
    <ClInclude Include="SceneED.h">
      <Filter>ソース ファイル\エンディング</Filter>
    </ClInclude>
    <ClInclude Include="ObjED.h">
      <Filter>ソース ファイル\エンディング</Filter>
    </ClInclude>
    <ClInclude Include="ObjHero.h">
      <Filter>ソース ファイル\ステージメイン\主人公関係</Filter>
    </ClInclude>
    <ClInclude Include="ObjMenu.h">
      <Filter>ソース ファイル\ステージメイン\メニュー</Filter>
    </ClInclude>
    <ClInclude Include="SceneOperation.h">
      <Filter>ソース ファイル\操作説明</Filter>
    </ClInclude>
    <ClInclude Include="ObjOperation.h">
      <Filter>ソース ファイル\操作説明</Filter>
    </ClInclude>
    <ClInclude Include="BaseStatus.h">
      <Filter>ヘッダー ファイル</Filter>
    </ClInclude>
    <ClInclude Include="ObjBlood_splash.h">
      <Filter>ソース ファイル\ステージメイン\主人公関係</Filter>
    </ClInclude>
    <ClInclude Include="ObjBlood_splash.h">
      <Filter>ソース ファイル\血しぶき・爆発</Filter>
    </ClInclude>
    <ClInclude Include="ObjGunAttack.h">
      <Filter>ソース ファイル\ステージメイン\武器</Filter>
    </ClInclude>
    <ClInclude Include="ObjShotGunAttack.h">
      <Filter>ソース ファイル\ステージメイン\武器</Filter>
    </ClInclude>
    <ClInclude Include="ObjARAttack.h">
      <Filter>ソース ファイル\ステージメイン\武器</Filter>
    </ClInclude>
    <ClInclude Include="ObjSniperRifleAttack.h">
      <Filter>ソース ファイル\ステージメイン\武器</Filter>
    </ClInclude>
    <ClInclude Include="ObjRocketLauncherAttack.h">
      <Filter>ソース ファイル\ステージメイン\武器</Filter>
    </ClInclude>
    <ClInclude Include="ObjRailGunAttack.h">
      <Filter>ソース ファイル\ステージメイン\武器</Filter>
    </ClInclude>
    <ClInclude Include="ObjStage.h">
      <Filter>ソース ファイル\ステージメイン\ステージ</Filter>
    </ClInclude>
    <ClInclude Include="ObjTime.h">
      <Filter>ソース ファイル\ステージメイン\ステージ</Filter>
    </ClInclude>
    <ClInclude Include="SceneStage.h">
      <Filter>ソース ファイル\ステージメイン\ステージ</Filter>
    </ClInclude>
    <ClInclude Include="ObjBackground.h">
      <Filter>ソース ファイル\ステージメイン\ステージ</Filter>
    </ClInclude>
    <ClInclude Include="ObjTopback.h">
      <Filter>ソース ファイル\ステージメイン\ステージ</Filter>
    </ClInclude>
    <ClInclude Include="ObjZombieEnemy.h">
      <Filter>ソース ファイル\ステージメイン\エネミー</Filter>
    </ClInclude>
  </ItemGroup>
  <ItemGroup>
    <ClCompile Include="GameL\Audio.cpp">
      <Filter>リソース ファイル</Filter>
    </ClCompile>
    <ClCompile Include="GameL\DirectXDevice.cpp">
      <Filter>リソース ファイル</Filter>
    </ClCompile>
    <ClCompile Include="GameL\Draw2DTex_Source.cpp">
      <Filter>リソース ファイル</Filter>
    </ClCompile>
    <ClCompile Include="GameL\DrawFont.cpp">
      <Filter>リソース ファイル</Filter>
    </ClCompile>
    <ClCompile Include="GameL\DrawTexture.cpp">
      <Filter>リソース ファイル</Filter>
    </ClCompile>
    <ClCompile Include="GameL\GameL_Main.cpp">
      <Filter>リソース ファイル</Filter>
    </ClCompile>
    <ClCompile Include="GameL\HitBoxManager.cpp">
      <Filter>リソース ファイル</Filter>
    </ClCompile>
    <ClCompile Include="GameL\MultiThread.cpp">
      <Filter>リソース ファイル</Filter>
    </ClCompile>
    <ClCompile Include="GameL\SceneManager.cpp">
      <Filter>リソース ファイル</Filter>
    </ClCompile>
    <ClCompile Include="GameL\SceneObjManager.cpp">
      <Filter>リソース ファイル</Filter>
    </ClCompile>
    <ClCompile Include="GameL\SetWindow.cpp">
      <Filter>リソース ファイル</Filter>
    </ClCompile>
    <ClCompile Include="GameL\UserData.cpp">
      <Filter>リソース ファイル</Filter>
    </ClCompile>
    <ClCompile Include="GameL\WICTextureLoader.cpp">
      <Filter>リソース ファイル</Filter>
    </ClCompile>
    <ClCompile Include="GameL\WinInputs.cpp">
      <Filter>リソース ファイル</Filter>
    </ClCompile>
    <ClCompile Include="ObjClear.cpp">
      <Filter>ソース ファイル\ゲームクリア</Filter>
    </ClCompile>
    <ClCompile Include="ObjTitle.cpp">
      <Filter>ソース ファイル\タイトル</Filter>
    </ClCompile>
    <ClCompile Include="SceneTitle.cpp">
      <Filter>ソース ファイル\タイトル</Filter>
    </ClCompile>
    <ClCompile Include="SceneClear.cpp">
      <Filter>ソース ファイル\ゲームクリア</Filter>
    </ClCompile>
    <ClCompile Include="SceneOver.cpp">
      <Filter>ソース ファイル\ゲームオーバー</Filter>
    </ClCompile>
    <ClCompile Include="ObjOver.cpp">
      <Filter>ソース ファイル\ゲームオーバー</Filter>
    </ClCompile>
    <ClCompile Include="SceneOP.cpp">
      <Filter>ソース ファイル\あらすじ</Filter>
    </ClCompile>
    <ClCompile Include="ObjOP.cpp">
      <Filter>ソース ファイル\あらすじ</Filter>
    </ClCompile>
    <ClCompile Include="SceneED.cpp">
      <Filter>ソース ファイル\エンディング</Filter>
    </ClCompile>
    <ClCompile Include="ObjED.cpp">
      <Filter>ソース ファイル\エンディング</Filter>
    </ClCompile>
    <ClCompile Include="ObjHero.cpp">
      <Filter>ソース ファイル\ステージメイン\主人公関係</Filter>
    </ClCompile>
    <ClCompile Include="ObjMenu.cpp">
      <Filter>ソース ファイル\ステージメイン\メニュー</Filter>
    </ClCompile>
    <ClCompile Include="SceneOperation.cpp">
      <Filter>ソース ファイル\操作説明</Filter>
    </ClCompile>
    <ClCompile Include="ObjOperation.cpp">
      <Filter>ソース ファイル\操作説明</Filter>
    </ClCompile>
    <ClCompile Include="ObjBlood_splash.cpp">
      <Filter>ソース ファイル\ステージメイン\主人公関係</Filter>
    </ClCompile>
    <ClCompile Include="ObjGunAttack.cpp">
      <Filter>ソース ファイル\ステージメイン\武器</Filter>
    </ClCompile>
    <ClCompile Include="ObjShotGunAttack.cpp">
      <Filter>ソース ファイル\ステージメイン\武器</Filter>
    </ClCompile>
    <ClCompile Include="ObjARAttack.cpp">
      <Filter>ソース ファイル\ステージメイン\武器</Filter>
    </ClCompile>
    <ClCompile Include="ObjSniperRifleAttack.cpp">
      <Filter>ソース ファイル\ステージメイン\武器</Filter>
    </ClCompile>
    <ClCompile Include="ObjRocketLauncherAttack.cpp">
      <Filter>ソース ファイル\ステージメイン\武器</Filter>
    </ClCompile>
    <ClCompile Include="ObjRailGunAttack.cpp">
      <Filter>ソース ファイル\ステージメイン\武器</Filter>
    </ClCompile>
    <ClCompile Include="ObjStage.cpp">
      <Filter>ソース ファイル\ステージメイン\ステージ</Filter>
    </ClCompile>
    <ClCompile Include="ObjTime.cpp">
      <Filter>ソース ファイル\ステージメイン\ステージ</Filter>
    </ClCompile>
    <ClCompile Include="SceneStage.cpp">
      <Filter>ソース ファイル\ステージメイン\ステージ</Filter>
    </ClCompile>
    <ClCompile Include="ObjBackground.cpp">
      <Filter>ソース ファイル\ステージメイン\ステージ</Filter>
    </ClCompile>
    <ClCompile Include="ObjTopback.cpp">
      <Filter>ソース ファイル\ステージメイン\ステージ</Filter>
    </ClCompile>
    <ClCompile Include="ObjZombieEnemy.cpp">
      <Filter>ソース ファイル\ステージメイン\エネミー</Filter>
    </ClCompile>
  </ItemGroup>
  <ItemGroup>
    <None Include="GameL\DirectXTex.inl">
      <Filter>リソース ファイル</Filter>
    </None>
  </ItemGroup>
  <ItemGroup>
    <Library Include="GameL\DirectXTex.lib">
      <Filter>リソース ファイル</Filter>
    </Library>
  </ItemGroup>
</Project>